
Microsoft Visual Studio Solution File, Format Version 12.00
# Visual Studio Version 17
VisualStudioVersion = 17.12.35707.178 d17.12
MinimumVisualStudioVersion = 10.0.40219.1
Project("{FAE04EC0-301F-11D3-BF4B-00C04F79EFBC}") = "Canteen.API", "Canteen.API\Canteen.API.csproj", "{ECD25098-AB8C-4886-9F1E-0AE1574CB63D}"
EndProject
Project("{FAE04EC0-301F-11D3-BF4B-00C04F79EFBC}") = "Canteen.Domain", "Canteen.Domain\Canteen.Domain.csproj", "{F4896BCC-D920-475E-BF84-AE6F1A0E18D5}"
EndProject
Project("{FAE04EC0-301F-11D3-BF4B-00C04F79EFBC}") = "Canteen.Application", "Canteen.Application\Canteen.Application.csproj", "{EE12D398-7636-44DA-A5B8-6C3B1EE18A6F}"
EndProject
Project("{FAE04EC0-301F-11D3-BF4B-00C04F79EFBC}") = "Canteen.DataAccessLayer", "Canteen.DataAccessLayer\Canteen.DataAccessLayer.csproj", "{8BC191DF-0EE1-4296-B6EB-E2A75091CDD6}"
EndProject
Global
	GlobalSection(SolutionConfigurationPlatforms) = preSolution
		Debug|Any CPU = Debug|Any CPU
		Release|Any CPU = Release|Any CPU
	EndGlobalSection
	GlobalSection(ProjectConfigurationPlatforms) = postSolution
		{ECD25098-AB8C-4886-9F1E-0AE1574CB63D}.Debug|Any CPU.ActiveCfg = Debug|Any CPU
		{ECD25098-AB8C-4886-9F1E-0AE1574CB63D}.Debug|Any CPU.Build.0 = Debug|Any CPU
		{ECD25098-AB8C-4886-9F1E-0AE1574CB63D}.Release|Any CPU.ActiveCfg = Release|Any CPU
		{ECD25098-AB8C-4886-9F1E-0AE1574CB63D}.Release|Any CPU.Build.0 = Release|Any CPU
		{F4896BCC-D920-475E-BF84-AE6F1A0E18D5}.Debug|Any CPU.ActiveCfg = Debug|Any CPU
		{F4896BCC-D920-475E-BF84-AE6F1A0E18D5}.Debug|Any CPU.Build.0 = Debug|Any CPU
		{F4896BCC-D920-475E-BF84-AE6F1A0E18D5}.Release|Any CPU.ActiveCfg = Release|Any CPU
		{F4896BCC-D920-475E-BF84-AE6F1A0E18D5}.Release|Any CPU.Build.0 = Release|Any CPU
		{EE12D398-7636-44DA-A5B8-6C3B1EE18A6F}.Debug|Any CPU.ActiveCfg = Debug|Any CPU
		{EE12D398-7636-44DA-A5B8-6C3B1EE18A6F}.Debug|Any CPU.Build.0 = Debug|Any CPU
		{EE12D398-7636-44DA-A5B8-6C3B1EE18A6F}.Release|Any CPU.ActiveCfg = Release|Any CPU
		{EE12D398-7636-44DA-A5B8-6C3B1EE18A6F}.Release|Any CPU.Build.0 = Release|Any CPU
		{8BC191DF-0EE1-4296-B6EB-E2A75091CDD6}.Debug|Any CPU.ActiveCfg = Debug|Any CPU
		{8BC191DF-0EE1-4296-B6EB-E2A75091CDD6}.Debug|Any CPU.Build.0 = Debug|Any CPU
		{8BC191DF-0EE1-4296-B6EB-E2A75091CDD6}.Release|Any CPU.ActiveCfg = Release|Any CPU
		{8BC191DF-0EE1-4296-B6EB-E2A75091CDD6}.Release|Any CPU.Build.0 = Release|Any CPU
	EndGlobalSection
	GlobalSection(SolutionProperties) = preSolution
		HideSolutionNode = FALSE
	EndGlobalSection
EndGlobal
